
Microsoft Visual Studio Solution File, Format Version 12.00
# Visual Studio Version 17
VisualStudioVersion = 17.1.32414.318
MinimumVisualStudioVersion = 10.0.40219.1
Project("{8BC9CEB8-8B4A-11D0-8D11-00A0C91BC942}") = "高精度", "高精度\高精度.vcxproj", "{E1344B66-CF7F-40A8-93F7-2D0BC706A025}"
EndProject
Global
	GlobalSection(SolutionConfigurationPlatforms) = preSolution
		Debug|x64 = Debug|x64
		Debug|x86 = Debug|x86
		Release|x64 = Release|x64
		Release|x86 = Release|x86
	EndGlobalSection
	GlobalSection(ProjectConfigurationPlatforms) = postSolution
		{E1344B66-CF7F-40A8-93F7-2D0BC706A025}.Debug|x64.ActiveCfg = Debug|x64
		{E1344B66-CF7F-40A8-93F7-2D0BC706A025}.Debug|x64.Build.0 = Debug|x64
		{E1344B66-CF7F-40A8-93F7-2D0BC706A025}.Debug|x86.ActiveCfg = Debug|Win32
		{E1344B66-CF7F-40A8-93F7-2D0BC706A025}.Debug|x86.Build.0 = Debug|Win32
		{E1344B66-CF7F-40A8-93F7-2D0BC706A025}.Release|x64.ActiveCfg = Release|x64
		{E1344B66-CF7F-40A8-93F7-2D0BC706A025}.Release|x64.Build.0 = Release|x64
		{E1344B66-CF7F-40A8-93F7-2D0BC706A025}.Release|x86.ActiveCfg = Release|Win32
		{E1344B66-CF7F-40A8-93F7-2D0BC706A025}.Release|x86.Build.0 = Release|Win32
	EndGlobalSection
	GlobalSection(SolutionProperties) = preSolution
		HideSolutionNode = FALSE
	EndGlobalSection
	GlobalSection(ExtensibilityGlobals) = postSolution
		SolutionGuid = {3E23EC94-E393-4366-B83B-3E3D5D9B50B7}
	EndGlobalSection
EndGlobal
